
Microsoft Visual Studio Solution File, Format Version 12.00
# Visual Studio 15
VisualStudioVersion = 15.0.28307.779
MinimumVisualStudioVersion = 10.0.40219.1
Project("{FAE04EC0-301F-11D3-BF4B-00C04F79EFBC}") = "0910_1", "0910_1\0910_1.csproj", "{538E7088-5730-4FB9-97EB-CB4C405AC38A}"
EndProject
Global
	GlobalSection(SolutionConfigurationPlatforms) = preSolution
		Debug|Any CPU = Debug|Any CPU
		Release|Any CPU = Release|Any CPU
	EndGlobalSection
	GlobalSection(ProjectConfigurationPlatforms) = postSolution
		{538E7088-5730-4FB9-97EB-CB4C405AC38A}.Debug|Any CPU.ActiveCfg = Debug|Any CPU
		{538E7088-5730-4FB9-97EB-CB4C405AC38A}.Debug|Any CPU.Build.0 = Debug|Any CPU
		{538E7088-5730-4FB9-97EB-CB4C405AC38A}.Release|Any CPU.ActiveCfg = Release|Any CPU
		{538E7088-5730-4FB9-97EB-CB4C405AC38A}.Release|Any CPU.Build.0 = Release|Any CPU
	EndGlobalSection
	GlobalSection(SolutionProperties) = preSolution
		HideSolutionNode = FALSE
	EndGlobalSection
	GlobalSection(ExtensibilityGlobals) = postSolution
		SolutionGuid = {C5B08BFA-0DBB-494D-A44B-AA0120A03104}
	EndGlobalSection
EndGlobal
